
Microsoft Visual Studio Solution File, Format Version 12.00
# Visual Studio Version 16
VisualStudioVersion = 16.0.31005.135
MinimumVisualStudioVersion = 10.0.40219.1
Project("{9A19103F-16F7-4668-BE54-9A1E7A4F7556}") = "Pangram", "Pangram.csproj", "{9EEA1BF1-9B83-4C88-9EB4-20E41694006B}"
EndProject
Global
	GlobalSection(SolutionConfigurationPlatforms) = preSolution
		Debug|Any CPU = Debug|Any CPU
		Release|Any CPU = Release|Any CPU
	EndGlobalSection
	GlobalSection(ProjectConfigurationPlatforms) = postSolution
		{9EEA1BF1-9B83-4C88-9EB4-20E41694006B}.Debug|Any CPU.ActiveCfg = Debug|Any CPU
		{9EEA1BF1-9B83-4C88-9EB4-20E41694006B}.Debug|Any CPU.Build.0 = Debug|Any CPU
		{9EEA1BF1-9B83-4C88-9EB4-20E41694006B}.Release|Any CPU.ActiveCfg = Release|Any CPU
		{9EEA1BF1-9B83-4C88-9EB4-20E41694006B}.Release|Any CPU.Build.0 = Release|Any CPU
	EndGlobalSection
	GlobalSection(SolutionProperties) = preSolution
		HideSolutionNode = FALSE
	EndGlobalSection
	GlobalSection(ExtensibilityGlobals) = postSolution
		SolutionGuid = {A82DF29D-DFEF-46EC-AF14-8FCAC5091FDD}
	EndGlobalSection
EndGlobal
